
Microsoft Visual Studio Solution File, Format Version 12.00
# Visual Studio Version 16
VisualStudioVersion = 16.0.29509.3
MinimumVisualStudioVersion = 10.0.40219.1
Project("{FAE04EC0-301F-11D3-BF4B-00C04F79EFBC}") = "BibliotecaAA", "ScriptBiblioteca\BibliotecaAA.csproj", "{8E32C884-73A7-498C-8B50-94D75BA1652C}"
EndProject
Global
	GlobalSection(SolutionConfigurationPlatforms) = preSolution
		Debug|Any CPU = Debug|Any CPU
		Release|Any CPU = Release|Any CPU
	EndGlobalSection
	GlobalSection(ProjectConfigurationPlatforms) = postSolution
		{8E32C884-73A7-498C-8B50-94D75BA1652C}.Debug|Any CPU.ActiveCfg = Debug|Any CPU
		{8E32C884-73A7-498C-8B50-94D75BA1652C}.Debug|Any CPU.Build.0 = Debug|Any CPU
		{8E32C884-73A7-498C-8B50-94D75BA1652C}.Release|Any CPU.ActiveCfg = Release|Any CPU
		{8E32C884-73A7-498C-8B50-94D75BA1652C}.Release|Any CPU.Build.0 = Release|Any CPU
	EndGlobalSection
	GlobalSection(SolutionProperties) = preSolution
		HideSolutionNode = FALSE
	EndGlobalSection
	GlobalSection(ExtensibilityGlobals) = postSolution
		SolutionGuid = {78EBE1DA-C993-42F2-8D00-27514492B1FF}
	EndGlobalSection
EndGlobal
