
Microsoft Visual Studio Solution File, Format Version 12.00
# Visual Studio Version 16
VisualStudioVersion = 16.0.29509.3
MinimumVisualStudioVersion = 10.0.40219.1
Project("{FAE04EC0-301F-11D3-BF4B-00C04F79EFBC}") = "EntityFrameworkDemo", "EntityFrameworkDemo\EntityFrameworkDemo.csproj", "{AED86639-0653-46C4-A4EA-DF6FF863C9EE}"
EndProject
Global
	GlobalSection(SolutionConfigurationPlatforms) = preSolution
		Debug|Any CPU = Debug|Any CPU
		Release|Any CPU = Release|Any CPU
	EndGlobalSection
	GlobalSection(ProjectConfigurationPlatforms) = postSolution
		{AED86639-0653-46C4-A4EA-DF6FF863C9EE}.Debug|Any CPU.ActiveCfg = Debug|Any CPU
		{AED86639-0653-46C4-A4EA-DF6FF863C9EE}.Debug|Any CPU.Build.0 = Debug|Any CPU
		{AED86639-0653-46C4-A4EA-DF6FF863C9EE}.Release|Any CPU.ActiveCfg = Release|Any CPU
		{AED86639-0653-46C4-A4EA-DF6FF863C9EE}.Release|Any CPU.Build.0 = Release|Any CPU
	EndGlobalSection
	GlobalSection(SolutionProperties) = preSolution
		HideSolutionNode = FALSE
	EndGlobalSection
	GlobalSection(ExtensibilityGlobals) = postSolution
		SolutionGuid = {438E16E6-E8D5-45A5-A763-A8441E3D8CDE}
	EndGlobalSection
EndGlobal
